{
  "originHash" : "5c50aa514982ffac43528eb06e3d33cf843f2256b2d0baa0b6c95bb7cc91cfb1",
  "pins" : [
    {
      "identity" : "coinkit",
      "kind" : "remoteSourceControl",
      "location" : "https://github.com/Momeks/CoinKit.git",
      "state" : {
        "branch" : "main",
        "revision" : "1e720f1408ee7c715db5336bfca1cc84bf45d9dd"
      }
    },
    {
      "identity" : "networkkit",
      "kind" : "remoteSourceControl",
      "location" : "https://github.com/Momeks/NetworkKit",
      "state" : {
        "branch" : "main",
        "revision" : "5cad78cefba383ec96d429ff92e88ab5068f5d79"
      }
    }
  ],
  "version" : 3
}
